// !$*UTF8*$!
{
	archiveVersion = 1;
	classes = {
	};
	objectVersion = 55;
	objects = {

/* Begin PBXBuildFile section */
		6FC227A927A45782000DC0DF /* FundedApp.swift in Sources */ = {isa = PBXBuildFile; fileRef = 6FC227A827A45782000DC0DF /* FundedApp.swift */; };
		6FC227AB27A45782000DC0DF /* ContentView.swift in Sources */ = {isa = PBXBuildFile; fileRef = 6FC227AA27A45782000DC0DF /* ContentView.swift */; };
		6FC227AD27A45783000DC0DF /* Assets.xcassets in Resources */ = {isa = PBXBuildFile; fileRef = 6FC227AC27A45783000DC0DF /* Assets.xcassets */; };
		6FC227B027A45783000DC0DF /* Preview Assets.xcassets in Resources */ = {isa = PBXBuildFile; fileRef = 6FC227AF27A45783000DC0DF /* Preview Assets.xcassets */; };
		6FDD78DD27A48C72004A95D2 /* Grant.swift in Sources */ = {isa = PBXBuildFile; fileRef = 6FDD78DC27A48C72004A95D2 /* Grant.swift */; };
		6FDD78DF27A48CAF004A95D2 /* AvailableGrants.swift in Sources */ = {isa = PBXBuildFile; fileRef = 6FDD78DE27A48CAF004A95D2 /* AvailableGrants.swift */; };
		6FDD78E127A48CE8004A95D2 /* CardView.swift in Sources */ = {isa = PBXBuildFile; fileRef = 6FDD78E027A48CE8004A95D2 /* CardView.swift */; };
/* End PBXBuildFile section */

/* Begin PBXFileReference section */
		6FC227A527A45782000DC0DF /* Funded.app */ = {isa = PBXFileReference; explicitFileType = wrapper.application; includeInIndex = 0; path = Funded.app; sourceTree = BUILT_PRODUCTS_DIR; };
		6FC227A827A45782000DC0DF /* FundedApp.swift */ = {isa = PBXFileReference; lastKnownFileType = sourcecode.swift; path = FundedApp.swift; sourceTree = "<group>"; };
		6FC227AA27A45782000DC0DF /* ContentView.swift */ = {isa = PBXFileReference; lastKnownFileType = sourcecode.swift; path = ContentView.swift; sourceTree = "<group>"; };
		6FC227AC27A45783000DC0DF /* Assets.xcassets */ = {isa = PBXFileReference; lastKnownFileType = folder.assetcatalog; path = Assets.xcassets; sourceTree = "<group>"; };
		6FC227AF27A45783000DC0DF /* Preview Assets.xcassets */ = {isa = PBXFileReference; lastKnownFileType = folder.assetcatalog; path = "Preview Assets.xcassets"; sourceTree = "<group>"; };
		6FDD78DC27A48C72004A95D2 /* Grant.swift */ = {isa = PBXFileReference; lastKnownFileType = sourcecode.swift; path = Grant.swift; sourceTree = "<group>"; };
		6FDD78DE27A48CAF004A95D2 /* AvailableGrants.swift */ = {isa = PBXFileReference; lastKnownFileType = sourcecode.swift; path = AvailableGrants.swift; sourceTree = "<group>"; };
		6FDD78E027A48CE8004A95D2 /* CardView.swift */ = {isa = PBXFileReference; lastKnownFileType = sourcecode.swift; path = CardView.swift; sourceTree = "<group>"; };
/* End PBXFileReference section */

/* Begin PBXFrameworksBuildPhase section */
		6FC227A227A45782000DC0DF /* Frameworks */ = {
			isa = PBXFrameworksBuildPhase;
			buildActionMask = 2147483647;
			files = (
			);
			runOnlyForDeploymentPostprocessing = 0;
		};
/* End PBXFrameworksBuildPhase section */

/* Begin PBXGroup section */
		6FC2279C27A45782000DC0DF = {
			isa = PBXGroup;
			children = (
				6FC227A727A45782000DC0DF /* Funded */,
				6FC227A627A45782000DC0DF /* Products */,
			);
			sourceTree = "<group>";
		};
		6FC227A627A45782000DC0DF /* Products */ = {
			isa = PBXGroup;
			children = (
				6FC227A527A45782000DC0DF /* Funded.app */,
			);
			name = Products;
			sourceTree = "<group>";
		};
		6FC227A727A45782000DC0DF /* Funded */ = {
			isa = PBXGroup;
			children = (
				6FC227A827A45782000DC0DF /* FundedApp.swift */,
				6FC227AA27A45782000DC0DF /* ContentView.swift */,
				6FDD78E027A48CE8004A95D2 /* CardView.swift */,
				6FDD78DC27A48C72004A95D2 /* Grant.swift */,
				6FDD78DE27A48CAF004A95D2 /* AvailableGrants.swift */,
				6FC227AC27A45783000DC0DF /* Assets.xcassets */,
				6FC227AE27A45783000DC0DF /* Preview Content */,
			);
			path = Funded;
			sourceTree = "<group>";
		};
		6FC227AE27A45783000DC0DF /* Preview Content */ = {
			isa = PBXGroup;
			children = (
				6FC227AF27A45783000DC0DF /* Preview Assets.xcassets */,
			);
			path = "Preview Content";
			sourceTree = "<group>";
		};
/* End PBXGroup section */

/* Begin PBXNativeTarget section */
		6FC227A427A45782000DC0DF /* Funded */ = {
			isa = PBXNativeTarget;
			buildConfigurationList = 6FC227B327A45783000DC0DF /* Build configuration list for PBXNativeTarget "Funded" */;
			buildPhases = (
				6FC227A127A45782000DC0DF /* Sources */,
				6FC227A227A45782000DC0DF /* Frameworks */,
				6FC227A327A45782000DC0DF /* Resources */,
			);
			buildRules = (
			);
			dependencies = (
			);
			name = Funded;
			productName = Funded;
			productReference = 6FC227A527A45782000DC0DF /* Funded.app */;
			productType = "com.apple.product-type.application";
		};
/* End PBXNativeTarget section */

/* Begin PBXProject section */
		6FC2279D27A45782000DC0DF /* Project object */ = {
			isa = PBXProject;
			attributes = {
				BuildIndependentTargetsInParallel = 1;
				LastSwiftUpdateCheck = 1320;
				LastUpgradeCheck = 1320;
				TargetAttributes = {
					6FC227A427A45782000DC0DF = {
						CreatedOnToolsVersion = 13.2.1;
					};
				};
			};
			buildConfigurationList = 6FC227A027A45782000DC0DF /* Build configuration list for PBXProject "Funded" */;
			compatibilityVersion = "Xcode 13.0";
			developmentRegion = en;
			hasScannedForEncodings = 0;
			knownRegions = (
				en,
				Base,
			);
			mainGroup = 6FC2279C27A45782000DC0DF;
			productRefGroup = 6FC227A627A45782000DC0DF /* Products */;
			projectDirPath = "";
			projectRoot = "";
			targets = (
				6FC227A427A45782000DC0DF /* Funded */,
			);
		};
/* End PBXProject section */

/* Begin PBXResourcesBuildPhase section */
		6FC227A327A45782000DC0DF /* Resources */ = {
			isa = PBXResourcesBuildPhase;
			buildActionMask = 2147483647;
			files = (
				6FC227B027A45783000DC0DF /* Preview Assets.xcassets in Resources */,
				6FC227AD27A45783000DC0DF /* Assets.xcassets in Resources */,
			);
			runOnlyForDeploymentPostprocessing = 0;
		};
/* End PBXResourcesBuildPhase section */

/* Begin PBXSourcesBuildPhase section */
		6FC227A127A45782000DC0DF /* Sources */ = {
			isa = PBXSourcesBuildPhase;
			buildActionMask = 2147483647;
			files = (
				6FDD78DF27A48CAF004A95D2 /* AvailableGrants.swift in Sources */,
				6FDD78DD27A48C72004A95D2 /* Grant.swift in Sources */,
				6FC227AB27A45782000DC0DF /* ContentView.swift in Sources */,
				6FC227A927A45782000DC0DF /* FundedApp.swift in Sources */,
				6FDD78E127A48CE8004A95D2 /* CardView.swift in Sources */,
			);
			runOnlyForDeploymentPostprocessing = 0;
		};
/* End PBXSourcesBuildPhase section */

/* Begin XCBuildConfiguration section */
		6FC227B127A45783000DC0DF /* Debug */ = {
			isa = XCBuildConfiguration;
			buildSettings = {
				ALWAYS_SEARCH_USER_PATHS = NO;
				CLANG_ANALYZER_NONNULL = YES;
				CLANG_ANALYZER_NUMBER_OBJECT_CONVERSION = YES_AGGRESSIVE;
				CLANG_CXX_LANGUAGE_STANDARD = "gnu++17";
				CLANG_CXX_LIBRARY = "libc++";
				CLANG_ENABLE_MODULES = YES;
				CLANG_ENABLE_OBJC_ARC = YES;
				CLANG_ENABLE_OBJC_WEAK = YES;
				CLANG_WARN_BLOCK_CAPTURE_AUTORELEASING = YES;
				CLANG_WARN_BOOL_CONVERSION = YES;
				CLANG_WARN_COMMA = YES;
				CLANG_WARN_CONSTANT_CONVERSION = YES;
				CLANG_WARN_DEPRECATED_OBJC_IMPLEMENTATIONS = YES;
				CLANG_WARN_DIRECT_OBJC_ISA_USAGE = YES_ERROR;
				CLANG_WARN_DOCUMENTATION_COMMENTS = YES;
				CLANG_WARN_EMPTY_BODY = YES;
				CLANG_WARN_ENUM_CONVERSION = YES;
				CLANG_WARN_INFINITE_RECURSION = YES;
				CLANG_WARN_INT_CONVERSION = YES;
				CLANG_WARN_NON_LITERAL_NULL_CONVERSION = YES;
				CLANG_WARN_OBJC_IMPLICIT_RETAIN_SELF = YES;
				CLANG_WARN_OBJC_LITERAL_CONVERSION = YES;
				CLANG_WARN_OBJC_ROOT_CLASS = YES_ERROR;
				CLANG_WARN_QUOTED_INCLUDE_IN_FRAMEWORK_HEADER = YES;
				CLANG_WARN_RANGE_LOOP_ANALYSIS = YES;
				CLANG_WARN_STRICT_PROTOTYPES = YES;
				CLANG_WARN_SUSPICIOUS_MOVE = YES;
				CLANG_WARN_UNGUARDED_AVAILABILITY = YES_AGGRESSIVE;
				CLANG_WARN_UNREACHABLE_CODE = YES;
				CLANG_WARN__DUPLICATE_METHOD_MATCH = YES;
				COPY_PHASE_STRIP = NO;
				DEBUG_INFORMATION_FORMAT = dwarf;
				ENABLE_STRICT_OBJC_MSGSEND = YES;
				ENABLE_TESTABILITY = YES;
				GCC_C_LANGUAGE_STANDARD = gnu11;
				GCC_DYNAMIC_NO_PIC = NO;
				GCC_NO_COMMON_BLOCKS = YES;
				GCC_OPTIMIZATION_LEVEL = 0;
				GCC_PREPROCESSOR_DEFINITIONS = (
					"DEBUG=1",
					"$(inherited)",
				);
				GCC_WARN_64_TO_32_BIT_CONVERSION = YES;
				GCC_WARN_ABOUT_RETURN_TYPE = YES_ERROR;
				GCC_WARN_UNDECLARED_SELECTOR = YES;
				GCC_WARN_UNINITIALIZED_AUTOS = YES_AGGRESSIVE;
				GCC_WARN_UNUSED_FUNCTION = YES;
				GCC_WARN_UNUSED_VARIABLE = YES;
				IPHONEOS_DEPLOYMENT_TARGET = 15.2;
				MTL_ENABLE_DEBUG_INFO = INCLUDE_SOURCE;
				MTL_FAST_MATH = YES;
				ONLY_ACTIVE_ARCH = YES;
				SDKROOT = iphoneos;
				SWIFT_ACTIVE_COMPILATION_CONDITIONS = DEBUG;
				SWIFT_OPTIMIZATION_LEVEL = "-Onone";
			};
			name = Debug;
		};
		6FC227B227A45783000DC0DF /* Release */ = {
			isa = XCBuildConfiguration;
			buildSettings = {
				ALWAYS_SEARCH_USER_PATHS = NO;
				CLANG_ANALYZER_NONNULL = YES;
				CLANG_ANALYZER_NUMBER_OBJECT_CONVERSION = YES_AGGRESSIVE;
				CLANG_CXX_LANGUAGE_STANDARD = "gnu++17";
				CLANG_CXX_LIBRARY = "libc++";
				CLANG_ENABLE_MODULES = YES;
				CLANG_ENABLE_OBJC_ARC = YES;
				CLANG_ENABLE_OBJC_WEAK = YES;
				CLANG_WARN_BLOCK_CAPTURE_AUTORELEASING = YES;
				CLANG_WARN_BOOL_CONVERSION = YES;
				CLANG_WARN_COMMA = YES;
				CLANG_WARN_CONSTANT_CONVERSION = YES;
				CLANG_WARN_DEPRECATED_OBJC_IMPLEMENTATIONS = YES;
				CLANG_WARN_DIRECT_OBJC_ISA_USAGE = YES_ERROR;
				CLANG_WARN_DOCUMENTATION_COMMENTS = YES;
				CLANG_WARN_EMPTY_BODY = YES;
				CLANG_WARN_ENUM_CONVERSION = YES;
				CLANG_WARN_INFINITE_RECURSION = YES;
				CLANG_WARN_INT_CONVERSION = YES;
				CLANG_WARN_NON_LITERAL_NULL_CONVERSION = YES;
				CLANG_WARN_OBJC_IMPLICIT_RETAIN_SELF = YES;
				CLANG_WARN_OBJC_LITERAL_CONVERSION = YES;
				CLANG_WARN_OBJC_ROOT_CLASS = YES_ERROR;
				CLANG_WARN_QUOTED_INCLUDE_IN_FRAMEWORK_HEADER = YES;
				CLANG_WARN_RANGE_LOOP_ANALYSIS = YES;
				CLANG_WARN_STRICT_PROTOTYPES = YES;
				CLANG_WARN_SUSPICIOUS_MOVE = YES;
				CLANG_WARN_UNGUARDED_AVAILABILITY = YES_AGGRESSIVE;
				CLANG_WARN_UNREACHABLE_CODE = YES;
				CLANG_WARN__DUPLICATE_METHOD_MATCH = YES;
				COPY_PHASE_STRIP = NO;
				DEBUG_INFORMATION_FORMAT = "dwarf-with-dsym";
				ENABLE_NS_ASSERTIONS = NO;
				ENABLE_STRICT_OBJC_MSGSEND = YES;
				GCC_C_LANGUAGE_STANDARD = gnu11;
				GCC_NO_COMMON_BLOCKS = YES;
				GCC_WARN_64_TO_32_BIT_CONVERSION = YES;
				GCC_WARN_ABOUT_RETURN_TYPE = YES_ERROR;
				GCC_WARN_UNDECLARED_SELECTOR = YES;
				GCC_WARN_UNINITIALIZED_AUTOS = YES_AGGRESSIVE;
				GCC_WARN_UNUSED_FUNCTION = YES;
				GCC_WARN_UNUSED_VARIABLE = YES;
				IPHONEOS_DEPLOYMENT_TARGET = 15.2;
				MTL_ENABLE_DEBUG_INFO = NO;
				MTL_FAST_MATH = YES;
				SDKROOT = iphoneos;
				SWIFT_COMPILATION_MODE = wholemodule;
				SWIFT_OPTIMIZATION_LEVEL = "-O";
				VALIDATE_PRODUCT = YES;
			};
			name = Release;
		};
		6FC227B427A45783000DC0DF /* Debug */ = {
			isa = XCBuildConfiguration;
			buildSettings = {
				ASSETCATALOG_COMPILER_APPICON_NAME = AppIcon;
				ASSETCATALOG_COMPILER_GLOBAL_ACCENT_COLOR_NAME = AccentColor;
				CODE_SIGN_STYLE = Automatic;
				CURRENT_PROJECT_VERSION = 1;
				DEVELOPMENT_ASSET_PATHS = "\"Funded/Preview Content\"";
				DEVELOPMENT_TEAM = 48SG7ZG46A;
				ENABLE_PREVIEWS = YES;
				GENERATE_INFOPLIST_FILE = YES;
				INFOPLIST_KEY_UIApplicationSceneManifest_Generation = YES;
				INFOPLIST_KEY_UIApplicationSupportsIndirectInputEvents = YES;
				INFOPLIST_KEY_UILaunchScreen_Generation = YES;
				INFOPLIST_KEY_UISupportedInterfaceOrientations_iPad = "UIInterfaceOrientationPortrait UIInterfaceOrientationPortraitUpsideDown UIInterfaceOrientationLandscapeLeft UIInterfaceOrientationLandscapeRight";
				INFOPLIST_KEY_UISupportedInterfaceOrientations_iPhone = "UIInterfaceOrientationPortrait UIInterfaceOrientationLandscapeLeft UIInterfaceOrientationLandscapeRight";
				LD_RUNPATH_SEARCH_PATHS = (
					"$(inherited)",
					"@executable_path/Frameworks",
				);
				MARKETING_VERSION = 1.0;
				PRODUCT_BUNDLE_IDENTIFIER = com.aristidelauga.Funded;
				PRODUCT_NAME = "$(TARGET_NAME)";
				SWIFT_EMIT_LOC_STRINGS = YES;
				SWIFT_VERSION = 5.0;
				TARGETED_DEVICE_FAMILY = "1,2";
			};
			name = Debug;
		};
		6FC227B527A45783000DC0DF /* Release */ = {
			isa = XCBuildConfiguration;
			buildSettings = {
				ASSETCATALOG_COMPILER_APPICON_NAME = AppIcon;
				ASSETCATALOG_COMPILER_GLOBAL_ACCENT_COLOR_NAME = AccentColor;
				CODE_SIGN_STYLE = Automatic;
				CURRENT_PROJECT_VERSION = 1;
				DEVELOPMENT_ASSET_PATHS = "\"Funded/Preview Content\"";
				DEVELOPMENT_TEAM = 48SG7ZG46A;
				ENABLE_PREVIEWS = YES;
				GENERATE_INFOPLIST_FILE = YES;
				INFOPLIST_KEY_UIApplicationSceneManifest_Generation = YES;
				INFOPLIST_KEY_UIApplicationSupportsIndirectInputEvents = YES;
				INFOPLIST_KEY_UILaunchScreen_Generation = YES;
				INFOPLIST_KEY_UISupportedInterfaceOrientations_iPad = "UIInterfaceOrientationPortrait UIInterfaceOrientationPortraitUpsideDown UIInterfaceOrientationLandscapeLeft UIInterfaceOrientationLandscapeRight";
				INFOPLIST_KEY_UISupportedInterfaceOrientations_iPhone = "UIInterfaceOrientationPortrait UIInterfaceOrientationLandscapeLeft UIInterfaceOrientationLandscapeRight";
				LD_RUNPATH_SEARCH_PATHS = (
					"$(inherited)",
					"@executable_path/Frameworks",
				);
				MARKETING_VERSION = 1.0;
				PRODUCT_BUNDLE_IDENTIFIER = com.aristidelauga.Funded;
				PRODUCT_NAME = "$(TARGET_NAME)";
				SWIFT_EMIT_LOC_STRINGS = YES;
				SWIFT_VERSION = 5.0;
				TARGETED_DEVICE_FAMILY = "1,2";
			};
			name = Release;
		};
/* End XCBuildConfiguration section */

/* Begin XCConfigurationList section */
		6FC227A027A45782000DC0DF /* Build configuration list for PBXProject "Funded" */ = {
			isa = XCConfigurationList;
			buildConfigurations = (
				6FC227B127A45783000DC0DF /* Debug */,
				6FC227B227A45783000DC0DF /* Release */,
			);
			defaultConfigurationIsVisible = 0;
			defaultConfigurationName = Release;
		};
		6FC227B327A45783000DC0DF /* Build configuration list for PBXNativeTarget "Funded" */ = {
			isa = XCConfigurationList;
			buildConfigurations = (
				6FC227B427A45783000DC0DF /* Debug */,
				6FC227B527A45783000DC0DF /* Release */,
			);
			defaultConfigurationIsVisible = 0;
			defaultConfigurationName = Release;
		};
/* End XCConfigurationList section */
	};
	rootObject = 6FC2279D27A45782000DC0DF /* Project object */;
}
